// !$*UTF8*$!
{
	archiveVersion = 1;
	classes = {
	};
	objectVersion = 46;
	objects = {

/* Begin PBXBuildFile section */
		8BBDA1121DE29CEF00748F5F /* AppDelegate.swift in Sources */ = {isa = PBXBuildFile; fileRef = 8BBDA1111DE29CEF00748F5F /* AppDelegate.swift */; };
		8BBDA1141DE29CEF00748F5F /* ViewController.swift in Sources */ = {isa = PBXBuildFile; fileRef = 8BBDA1131DE29CEF00748F5F /* ViewController.swift */; };
		8BBDA1171DE29CEF00748F5F /* Main.storyboard in Resources */ = {isa = PBXBuildFile; fileRef = 8BBDA1151DE29CEF00748F5F /* Main.storyboard */; };
		8BBDA1191DE29CEF00748F5F /* Assets.xcassets in Resources */ = {isa = PBXBuildFile; fileRef = 8BBDA1181DE29CEF00748F5F /* Assets.xcassets */; };
		8BBDA11C1DE29CEF00748F5F /* LaunchScreen.storyboard in Resources */ = {isa = PBXBuildFile; fileRef = 8BBDA11A1DE29CEF00748F5F /* LaunchScreen.storyboard */; };
/* End PBXBuildFile section */

/* Begin PBXFileReference section */
		8BBDA10E1DE29CEF00748F5F /* StockApp.app */ = {isa = PBXFileReference; explicitFileType = wrapper.application; includeInIndex = 0; path = StockApp.app; sourceTree = BUILT_PRODUCTS_DIR; };
		8BBDA1111DE29CEF00748F5F /* AppDelegate.swift */ = {isa = PBXFileReference; lastKnownFileType = sourcecode.swift; path = AppDelegate.swift; sourceTree = "<group>"; };
		8BBDA1131DE29CEF00748F5F /* ViewController.swift */ = {isa = PBXFileReference; lastKnownFileType = sourcecode.swift; path = ViewController.swift; sourceTree = "<group>"; };
		8BBDA1161DE29CEF00748F5F /* Base */ = {isa = PBXFileReference; lastKnownFileType = file.storyboard; name = Base; path = Base.lproj/Main.storyboard; sourceTree = "<group>"; };
		8BBDA1181DE29CEF00748F5F /* Assets.xcassets */ = {isa = PBXFileReference; lastKnownFileType = folder.assetcatalog; path = Assets.xcassets; sourceTree = "<group>"; };
		8BBDA11B1DE29CEF00748F5F /* Base */ = {isa = PBXFileReference; lastKnownFileType = file.storyboard; name = Base; path = Base.lproj/LaunchScreen.storyboard; sourceTree = "<group>"; };
		8BBDA11D1DE29CEF00748F5F /* Info.plist */ = {isa = PBXFileReference; lastKnownFileType = text.plist.xml; path = Info.plist; sourceTree = "<group>"; };
/* End PBXFileReference section */

/* Begin PBXFrameworksBuildPhase section */
		8BBDA10B1DE29CEF00748F5F /* Frameworks */ = {
			isa = PBXFrameworksBuildPhase;
			buildActionMask = 2147483647;
			files = (
			);
			runOnlyForDeploymentPostprocessing = 0;
		};
/* End PBXFrameworksBuildPhase section */

/* Begin PBXGroup section */
		8BBDA1051DE29CEF00748F5F = {
			isa = PBXGroup;
			children = (
				8BBDA1101DE29CEF00748F5F /* StockApp */,
				8BBDA10F1DE29CEF00748F5F /* Products */,
			);
			sourceTree = "<group>";
		};
		8BBDA10F1DE29CEF00748F5F /* Products */ = {
			isa = PBXGroup;
			children = (
				8BBDA10E1DE29CEF00748F5F /* StockApp.app */,
			);
			name = Products;
			sourceTree = "<group>";
		};
		8BBDA1101DE29CEF00748F5F /* StockApp */ = {
			isa = PBXGroup;
			children = (
				8BBDA1111DE29CEF00748F5F /* AppDelegate.swift */,
				8BBDA1131DE29CEF00748F5F /* ViewController.swift */,
				8BBDA1151DE29CEF00748F5F /* Main.storyboard */,
				8BBDA1181DE29CEF00748F5F /* Assets.xcassets */,
				8BBDA11A1DE29CEF00748F5F /* LaunchScreen.storyboard */,
				8BBDA11D1DE29CEF00748F5F /* Info.plist */,
			);
			path = StockApp;
			sourceTree = "<group>";
		};
/* End PBXGroup section */

/* Begin PBXNativeTarget section */
		8BBDA10D1DE29CEF00748F5F /* StockApp */ = {
			isa = PBXNativeTarget;
			buildConfigurationList = 8BBDA1201DE29CEF00748F5F /* Build configuration list for PBXNativeTarget "StockApp" */;
			buildPhases = (
				8BBDA10A1DE29CEF00748F5F /* Sources */,
				8BBDA10B1DE29CEF00748F5F /* Frameworks */,
				8BBDA10C1DE29CEF00748F5F /* Resources */,
			);
			buildRules = (
			);
			dependencies = (
			);
			name = StockApp;
			productName = StockApp;
			productReference = 8BBDA10E1DE29CEF00748F5F /* StockApp.app */;
			productType = "com.apple.product-type.application";
		};
/* End PBXNativeTarget section */

/* Begin PBXProject section */
		8BBDA1061DE29CEF00748F5F /* Project object */ = {
			isa = PBXProject;
			attributes = {
				LastSwiftUpdateCheck = 0810;
				LastUpgradeCheck = 0810;
				ORGANIZATIONNAME = Developer;
				TargetAttributes = {
					8BBDA10D1DE29CEF00748F5F = {
						CreatedOnToolsVersion = 8.1;
						DevelopmentTeam = ALHBNYE6H5;
						ProvisioningStyle = Automatic;
					};
				};
			};
			buildConfigurationList = 8BBDA1091DE29CEF00748F5F /* Build configuration list for PBXProject "StockApp" */;
			compatibilityVersion = "Xcode 3.2";
			developmentRegion = English;
			hasScannedForEncodings = 0;
			knownRegions = (
				en,
				Base,
			);
			mainGroup = 8BBDA1051DE29CEF00748F5F;
			productRefGroup = 8BBDA10F1DE29CEF00748F5F /* Products */;
			projectDirPath = "";
			projectRoot = "";
			targets = (
				8BBDA10D1DE29CEF00748F5F /* StockApp */,
			);
		};
/* End PBXProject section */

/* Begin PBXResourcesBuildPhase section */
		8BBDA10C1DE29CEF00748F5F /* Resources */ = {
			isa = PBXResourcesBuildPhase;
			buildActionMask = 2147483647;
			files = (
				8BBDA11C1DE29CEF00748F5F /* LaunchScreen.storyboard in Resources */,
				8BBDA1191DE29CEF00748F5F /* Assets.xcassets in Resources */,
				8BBDA1171DE29CEF00748F5F /* Main.storyboard in Resources */,
			);
			runOnlyForDeploymentPostprocessing = 0;
		};
/* End PBXResourcesBuildPhase section */

/* Begin PBXSourcesBuildPhase section */
		8BBDA10A1DE29CEF00748F5F /* Sources */ = {
			isa = PBXSourcesBuildPhase;
			buildActionMask = 2147483647;
			files = (
				8BBDA1141DE29CEF00748F5F /* ViewController.swift in Sources */,
				8BBDA1121DE29CEF00748F5F /* AppDelegate.swift in Sources */,
			);
			runOnlyForDeploymentPostprocessing = 0;
		};
/* End PBXSourcesBuildPhase section */

/* Begin PBXVariantGroup section */
		8BBDA1151DE29CEF00748F5F /* Main.storyboard */ = {
			isa = PBXVariantGroup;
			children = (
				8BBDA1161DE29CEF00748F5F /* Base */,
			);
			name = Main.storyboard;
			sourceTree = "<group>";
		};
		8BBDA11A1DE29CEF00748F5F /* LaunchScreen.storyboard */ = {
			isa = PBXVariantGroup;
			children = (
				8BBDA11B1DE29CEF00748F5F /* Base */,
			);
			name = LaunchScreen.storyboard;
			sourceTree = "<group>";
		};
/* End PBXVariantGroup section */

/* Begin XCBuildConfiguration section */
		8BBDA11E1DE29CEF00748F5F /* Debug */ = {
			isa = XCBuildConfiguration;
			buildSettings = {
				ALWAYS_SEARCH_USER_PATHS = NO;
				CLANG_ANALYZER_NONNULL = YES;
				CLANG_CXX_LANGUAGE_STANDARD = "gnu++0x";
				CLANG_CXX_LIBRARY = "libc++";
				CLANG_ENABLE_MODULES = YES;
				CLANG_ENABLE_OBJC_ARC = YES;
				CLANG_WARN_BOOL_CONVERSION = YES;
				CLANG_WARN_CONSTANT_CONVERSION = YES;
				CLANG_WARN_DIRECT_OBJC_ISA_USAGE = YES_ERROR;
				CLANG_WARN_DOCUMENTATION_COMMENTS = YES;
				CLANG_WARN_EMPTY_BODY = YES;
				CLANG_WARN_ENUM_CONVERSION = YES;
				CLANG_WARN_INFINITE_RECURSION = YES;
				CLANG_WARN_INT_CONVERSION = YES;
				CLANG_WARN_OBJC_ROOT_CLASS = YES_ERROR;
				CLANG_WARN_SUSPICIOUS_MOVES = YES;
				CLANG_WARN_UNREACHABLE_CODE = YES;
				CLANG_WARN__DUPLICATE_METHOD_MATCH = YES;
				"CODE_SIGN_IDENTITY[sdk=iphoneos*]" = "iPhone Developer";
				COPY_PHASE_STRIP = NO;
				DEBUG_INFORMATION_FORMAT = dwarf;
				ENABLE_STRICT_OBJC_MSGSEND = YES;
				ENABLE_TESTABILITY = YES;
				GCC_C_LANGUAGE_STANDARD = gnu99;
				GCC_DYNAMIC_NO_PIC = NO;
				GCC_NO_COMMON_BLOCKS = YES;
				GCC_OPTIMIZATION_LEVEL = 0;
				GCC_PREPROCESSOR_DEFINITIONS = (
					"DEBUG=1",
					"$(inherited)",
				);
				GCC_WARN_64_TO_32_BIT_CONVERSION = YES;
				GCC_WARN_ABOUT_RETURN_TYPE = YES_ERROR;
				GCC_WARN_UNDECLARED_SELECTOR = YES;
				GCC_WARN_UNINITIALIZED_AUTOS = YES_AGGRESSIVE;
				GCC_WARN_UNUSED_FUNCTION = YES;
				GCC_WARN_UNUSED_VARIABLE = YES;
				IPHONEOS_DEPLOYMENT_TARGET = 10.1;
				MTL_ENABLE_DEBUG_INFO = YES;
				ONLY_ACTIVE_ARCH = YES;
				SDKROOT = iphoneos;
				SWIFT_ACTIVE_COMPILATION_CONDITIONS = DEBUG;
				SWIFT_OPTIMIZATION_LEVEL = "-Onone";
				TARGETED_DEVICE_FAMILY = "1,2";
			};
			name = Debug;
		};
		8BBDA11F1DE29CEF00748F5F /* Release */ = {
			isa = XCBuildConfiguration;
			buildSettings = {
				ALWAYS_SEARCH_USER_PATHS = NO;
				CLANG_ANALYZER_NONNULL = YES;
				CLANG_CXX_LANGUAGE_STANDARD = "gnu++0x";
				CLANG_CXX_LIBRARY = "libc++";
				CLANG_ENABLE_MODULES = YES;
				CLANG_ENABLE_OBJC_ARC = YES;
				CLANG_WARN_BOOL_CONVERSION = YES;
				CLANG_WARN_CONSTANT_CONVERSION = YES;
				CLANG_WARN_DIRECT_OBJC_ISA_USAGE = YES_ERROR;
				CLANG_WARN_DOCUMENTATION_COMMENTS = YES;
				CLANG_WARN_EMPTY_BODY = YES;
				CLANG_WARN_ENUM_CONVERSION = YES;
				CLANG_WARN_INFINITE_RECURSION = YES;
				CLANG_WARN_INT_CONVERSION = YES;
				CLANG_WARN_OBJC_ROOT_CLASS = YES_ERROR;
				CLANG_WARN_SUSPICIOUS_MOVES = YES;
				CLANG_WARN_UNREACHABLE_CODE = YES;
				CLANG_WARN__DUPLICATE_METHOD_MATCH = YES;
				"CODE_SIGN_IDENTITY[sdk=iphoneos*]" = "iPhone Developer";
				COPY_PHASE_STRIP = NO;
				DEBUG_INFORMATION_FORMAT = "dwarf-with-dsym";
				ENABLE_NS_ASSERTIONS = NO;
				ENABLE_STRICT_OBJC_MSGSEND = YES;
				GCC_C_LANGUAGE_STANDARD = gnu99;
				GCC_NO_COMMON_BLOCKS = YES;
				GCC_WARN_64_TO_32_BIT_CONVERSION = YES;
				GCC_WARN_ABOUT_RETURN_TYPE = YES_ERROR;
				GCC_WARN_UNDECLARED_SELECTOR = YES;
				GCC_WARN_UNINITIALIZED_AUTOS = YES_AGGRESSIVE;
				GCC_WARN_UNUSED_FUNCTION = YES;
				GCC_WARN_UNUSED_VARIABLE = YES;
				IPHONEOS_DEPLOYMENT_TARGET = 10.1;
				MTL_ENABLE_DEBUG_INFO = NO;
				SDKROOT = iphoneos;
				SWIFT_OPTIMIZATION_LEVEL = "-Owholemodule";
				TARGETED_DEVICE_FAMILY = "1,2";
				VALIDATE_PRODUCT = YES;
			};
			name = Release;
		};
		8BBDA1211DE29CEF00748F5F /* Debug */ = {
			isa = XCBuildConfiguration;
			buildSettings = {
				ASSETCATALOG_COMPILER_APPICON_NAME = AppIcon;
				DEVELOPMENT_TEAM = ALHBNYE6H5;
				INFOPLIST_FILE = StockApp/Info.plist;
				LD_RUNPATH_SEARCH_PATHS = "$(inherited) @executable_path/Frameworks";
				PRODUCT_BUNDLE_IDENTIFIER = dbaldwin.StockApp;
				PRODUCT_NAME = "$(TARGET_NAME)";
				SWIFT_VERSION = 3.0;
			};
			name = Debug;
		};
		8BBDA1221DE29CEF00748F5F /* Release */ = {
			isa = XCBuildConfiguration;
			buildSettings = {
				ASSETCATALOG_COMPILER_APPICON_NAME = AppIcon;
				DEVELOPMENT_TEAM = ALHBNYE6H5;
				INFOPLIST_FILE = StockApp/Info.plist;
				LD_RUNPATH_SEARCH_PATHS = "$(inherited) @executable_path/Frameworks";
				PRODUCT_BUNDLE_IDENTIFIER = dbaldwin.StockApp;
				PRODUCT_NAME = "$(TARGET_NAME)";
				SWIFT_VERSION = 3.0;
			};
			name = Release;
		};
/* End XCBuildConfiguration section */

/* Begin XCConfigurationList section */
		8BBDA1091DE29CEF00748F5F /* Build configuration list for PBXProject "StockApp" */ = {
			isa = XCConfigurationList;
			buildConfigurations = (
				8BBDA11E1DE29CEF00748F5F /* Debug */,
				8BBDA11F1DE29CEF00748F5F /* Release */,
			);
			defaultConfigurationIsVisible = 0;
			defaultConfigurationName = Release;
		};
		8BBDA1201DE29CEF00748F5F /* Build configuration list for PBXNativeTarget "StockApp" */ = {
			isa = XCConfigurationList;
			buildConfigurations = (
				8BBDA1211DE29CEF00748F5F /* Debug */,
				8BBDA1221DE29CEF00748F5F /* Release */,
			);
			defaultConfigurationIsVisible = 0;
		};
/* End XCConfigurationList section */
	};
	rootObject = 8BBDA1061DE29CEF00748F5F /* Project object */;
}
